# This file is autogenerated, do not edit; changes may be undone by the next 'dep ensure'.


[[projects]]
  branch = "master"
  name = "github.com/blendle/go-logger"
  packages = ["."]
  revision = "2399adc0cd390782c11de7e2dd0bbcd5d4e7a110"

[[projects]]
  branch = "master"
  name = "github.com/buger/jsonparser"
  packages = ["."]
  revision = "5096fddd2cca678b0801ece8513a06e580981fd2"

[[projects]]
  name = "github.com/confluentinc/confluent-kafka-go"
  packages = ["kafka"]
  revision = "f696f02dcbb04d95b103c5b848bb15f749a996f7"
  version = "v0.11.0"

[[projects]]
  branch = "master"
  name = "github.com/lib/pq"
  packages = [".","oid"]
  revision = "017e4c14d80628353eaee677a1aeffe47a10c0dc"

[[projects]]
  name = "github.com/pkg/errors"
  packages = ["."]
  revision = "645ef00459ed84a119197bfb8d8205042c6df63d"
  version = "v0.8.0"

[[projects]]
  name = "go.uber.org/atomic"
  packages = ["."]
  revision = "4e336646b2ef9fc6e47be8e21594178f98e5ebcf"
  version = "v1.2.0"

[[projects]]
  name = "go.uber.org/multierr"
  packages = ["."]
  revision = "3c4937480c32f4c13a875a1829af76c98ca3d40a"
  version = "v1.1.0"

[[projects]]
  name = "go.uber.org/zap"
  packages = [".","buffer","internal/bufferpool","internal/color","internal/exit","zapcore"]
  revision = "35aad584952c3e7020db7b839f6b102de6271f89"
  version = "v1.7.1"

[solve-meta]
  analyzer-name = "dep"
  analyzer-version = 1
  inputs-digest = "00bd593149c4ab1475687b5a9d01feeb83f020cecd28d5ff25b400592b4cff02"
  solver-name = "gps-cdcl"
  solver-version = 1
