# This file is autogenerated, do not edit; changes may be undone by the next 'dep ensure'.


[[projects]]
  branch = "master"
  digest = "1:f3c002583dac898af878fb3497134ca961ea644a2f142c430fcbfd6959295ad4"
  name = "github.com/blendle/go-logger"
  packages = ["."]
  pruneopts = ""
  revision = "d660ef688e6c9b17cf2d851df8ffde52a364e68a"

[[projects]]
  digest = "1:ce52e7f1bc7f2507a65d21c3b88dac6d6b148232aad39b08393ea97f85a67f00"
  name = "github.com/blendle/zapdriver"
  packages = ["."]
  pruneopts = ""
  revision = "63327ce6a5a7d5cc97dbbeab5cdc771cfc62d1e2"
  version = "v1.1.6"

[[projects]]
  branch = "master"
  digest = "1:6dfb0a0d2ffb4aed50b1101fab4a559cc690e85a6bb7bc865340d80571cbb908"
  name = "github.com/buger/jsonparser"
  packages = ["."]
  pruneopts = ""
  revision = "1a29609e0929ccd5666069e2e7213c2c69fa4ac2"

[[projects]]
  digest = "1:9ebdaf26c9ef6a4ddaf0815a8da7048e8cc2b4fdf76cb72737245e7230c44015"
  name = "github.com/confluentinc/confluent-kafka-go"
  packages = ["kafka"]
  pruneopts = ""
  revision = "f696f02dcbb04d95b103c5b848bb15f749a996f7"
  version = "v0.11.0"

[[projects]]
  branch = "master"
  digest = "1:de80b2e189ad1c264c7fec7c49bc62a724a6118814cf950f7b73f6e883b72c0e"
  name = "github.com/lib/pq"
  packages = [
    ".",
    "oid",
  ]
  pruneopts = ""
  revision = "017e4c14d80628353eaee677a1aeffe47a10c0dc"

[[projects]]
  digest = "1:7365acd48986e205ccb8652cc746f09c8b7876030d53710ea6ef7d0bd0dcd7ca"
  name = "github.com/pkg/errors"
  packages = ["."]
  pruneopts = ""
  revision = "645ef00459ed84a119197bfb8d8205042c6df63d"
  version = "v0.8.0"

[[projects]]
  digest = "1:53a6fbacf8dce8fc9cbd4fab6a56eb169be7cb79b9fe601a152d6d9af68312bb"
  name = "go.uber.org/atomic"
  packages = ["."]
  pruneopts = ""
  revision = "4e336646b2ef9fc6e47be8e21594178f98e5ebcf"
  version = "v1.2.0"

[[projects]]
  digest = "1:22c7effcb4da0eacb2bb1940ee173fac010e9ef3c691f5de4b524d538bd980f5"
  name = "go.uber.org/multierr"
  packages = ["."]
  pruneopts = ""
  revision = "3c4937480c32f4c13a875a1829af76c98ca3d40a"
  version = "v1.1.0"

[[projects]]
  digest = "1:984e93aca9088b440b894df41f2043b6a3db8f9cf30767032770bfc4796993b0"
  name = "go.uber.org/zap"
  packages = [
    ".",
    "buffer",
    "internal/bufferpool",
    "internal/color",
    "internal/exit",
    "zapcore",
    "zaptest/observer",
  ]
  pruneopts = ""
  revision = "27376062155ad36be76b0f12cf1572a221d3a48c"
  version = "v1.10.0"

[solve-meta]
  analyzer-name = "dep"
  analyzer-version = 1
  input-imports = [
    "github.com/blendle/go-logger",
    "github.com/buger/jsonparser",
    "github.com/confluentinc/confluent-kafka-go/kafka",
    "github.com/lib/pq",
    "github.com/lib/pq/oid",
    "github.com/pkg/errors",
    "go.uber.org/atomic",
    "go.uber.org/multierr",
    "go.uber.org/zap",
    "go.uber.org/zap/buffer",
    "go.uber.org/zap/zapcore",
  ]
  solver-name = "gps-cdcl"
  solver-version = 1
